// !$*UTF8*$!
{
	archiveVersion = 1;
	classes = {
	};
	objectVersion = 46;
	objects = {

/* Begin PBXBuildFile section */
		883A66E41654B43C009794AD /* UIKit.framework in Frameworks */ = {isa = PBXBuildFile; fileRef = 883A66E31654B43C009794AD /* UIKit.framework */; };
		883A66E61654B43C009794AD /* Foundation.framework in Frameworks */ = {isa = PBXBuildFile; fileRef = 883A66E51654B43C009794AD /* Foundation.framework */; };
		883A66E81654B43C009794AD /* CoreGraphics.framework in Frameworks */ = {isa = PBXBuildFile; fileRef = 883A66E71654B43C009794AD /* CoreGraphics.framework */; };
		883A66EE1654B43C009794AD /* InfoPlist.strings in Resources */ = {isa = PBXBuildFile; fileRef = 883A66EC1654B43C009794AD /* InfoPlist.strings */; };
		883A66F01654B43C009794AD /* main.m in Sources */ = {isa = PBXBuildFile; fileRef = 883A66EF1654B43C009794AD /* main.m */; };
		883A66F41654B43C009794AD /* AppDelegate.m in Sources */ = {isa = PBXBuildFile; fileRef = 883A66F31654B43C009794AD /* AppDelegate.m */; };
		883A66F61654B43C009794AD /* Default.png in Resources */ = {isa = PBXBuildFile; fileRef = 883A66F51654B43C009794AD /* Default.png */; };
		883A66F81654B43C009794AD /* Default@2x.png in Resources */ = {isa = PBXBuildFile; fileRef = 883A66F71654B43C009794AD /* Default@2x.png */; };
		883A66FA1654B43C009794AD /* Default-568h@2x.png in Resources */ = {isa = PBXBuildFile; fileRef = 883A66F91654B43C009794AD /* Default-568h@2x.png */; };
		883A66FD1654B43C009794AD /* ViewController.m in Sources */ = {isa = PBXBuildFile; fileRef = 883A66FC1654B43C009794AD /* ViewController.m */; };
		883A67001654B43C009794AD /* ViewController.xib in Resources */ = {isa = PBXBuildFile; fileRef = 883A66FE1654B43C009794AD /* ViewController.xib */; };
/* End PBXBuildFile section */

/* Begin PBXFileReference section */
		883A66DF1654B43C009794AD /* project4.app */ = {isa = PBXFileReference; explicitFileType = wrapper.application; includeInIndex = 0; path = project4.app; sourceTree = BUILT_PRODUCTS_DIR; };
		883A66E31654B43C009794AD /* UIKit.framework */ = {isa = PBXFileReference; lastKnownFileType = wrapper.framework; name = UIKit.framework; path = System/Library/Frameworks/UIKit.framework; sourceTree = SDKROOT; };
		883A66E51654B43C009794AD /* Foundation.framework */ = {isa = PBXFileReference; lastKnownFileType = wrapper.framework; name = Foundation.framework; path = System/Library/Frameworks/Foundation.framework; sourceTree = SDKROOT; };
		883A66E71654B43C009794AD /* CoreGraphics.framework */ = {isa = PBXFileReference; lastKnownFileType = wrapper.framework; name = CoreGraphics.framework; path = System/Library/Frameworks/CoreGraphics.framework; sourceTree = SDKROOT; };
		883A66EB1654B43C009794AD /* project4-Info.plist */ = {isa = PBXFileReference; lastKnownFileType = text.plist.xml; path = "project4-Info.plist"; sourceTree = "<group>"; };
		883A66ED1654B43C009794AD /* en */ = {isa = PBXFileReference; lastKnownFileType = text.plist.strings; name = en; path = en.lproj/InfoPlist.strings; sourceTree = "<group>"; };
		883A66EF1654B43C009794AD /* main.m */ = {isa = PBXFileReference; lastKnownFileType = sourcecode.c.objc; path = main.m; sourceTree = "<group>"; };
		883A66F11654B43C009794AD /* project4-Prefix.pch */ = {isa = PBXFileReference; lastKnownFileType = sourcecode.c.h; path = "project4-Prefix.pch"; sourceTree = "<group>"; };
		883A66F21654B43C009794AD /* AppDelegate.h */ = {isa = PBXFileReference; lastKnownFileType = sourcecode.c.h; path = AppDelegate.h; sourceTree = "<group>"; };
		883A66F31654B43C009794AD /* AppDelegate.m */ = {isa = PBXFileReference; lastKnownFileType = sourcecode.c.objc; path = AppDelegate.m; sourceTree = "<group>"; };
		883A66F51654B43C009794AD /* Default.png */ = {isa = PBXFileReference; lastKnownFileType = image.png; path = Default.png; sourceTree = "<group>"; };
		883A66F71654B43C009794AD /* Default@2x.png */ = {isa = PBXFileReference; lastKnownFileType = image.png; path = "Default@2x.png"; sourceTree = "<group>"; };
		883A66F91654B43C009794AD /* Default-568h@2x.png */ = {isa = PBXFileReference; lastKnownFileType = image.png; path = "Default-568h@2x.png"; sourceTree = "<group>"; };
		883A66FB1654B43C009794AD /* ViewController.h */ = {isa = PBXFileReference; lastKnownFileType = sourcecode.c.h; path = ViewController.h; sourceTree = "<group>"; };
		883A66FC1654B43C009794AD /* ViewController.m */ = {isa = PBXFileReference; lastKnownFileType = sourcecode.c.objc; path = ViewController.m; sourceTree = "<group>"; };
		883A66FF1654B43C009794AD /* en */ = {isa = PBXFileReference; lastKnownFileType = file.xib; name = en; path = en.lproj/ViewController.xib; sourceTree = "<group>"; };
/* End PBXFileReference section */

/* Begin PBXFrameworksBuildPhase section */
		883A66DC1654B43C009794AD /* Frameworks */ = {
			isa = PBXFrameworksBuildPhase;
			buildActionMask = 2147483647;
			files = (
				883A66E41654B43C009794AD /* UIKit.framework in Frameworks */,
				883A66E61654B43C009794AD /* Foundation.framework in Frameworks */,
				883A66E81654B43C009794AD /* CoreGraphics.framework in Frameworks */,
			);
			runOnlyForDeploymentPostprocessing = 0;
		};
/* End PBXFrameworksBuildPhase section */

/* Begin PBXGroup section */
		883A66D41654B43C009794AD = {
			isa = PBXGroup;
			children = (
				883A66E91654B43C009794AD /* project4 */,
				883A66E21654B43C009794AD /* Frameworks */,
				883A66E01654B43C009794AD /* Products */,
			);
			sourceTree = "<group>";
		};
		883A66E01654B43C009794AD /* Products */ = {
			isa = PBXGroup;
			children = (
				883A66DF1654B43C009794AD /* project4.app */,
			);
			name = Products;
			sourceTree = "<group>";
		};
		883A66E21654B43C009794AD /* Frameworks */ = {
			isa = PBXGroup;
			children = (
				883A66E31654B43C009794AD /* UIKit.framework */,
				883A66E51654B43C009794AD /* Foundation.framework */,
				883A66E71654B43C009794AD /* CoreGraphics.framework */,
			);
			name = Frameworks;
			sourceTree = "<group>";
		};
		883A66E91654B43C009794AD /* project4 */ = {
			isa = PBXGroup;
			children = (
				883A66F21654B43C009794AD /* AppDelegate.h */,
				883A66F31654B43C009794AD /* AppDelegate.m */,
				883A66FB1654B43C009794AD /* ViewController.h */,
				883A66FC1654B43C009794AD /* ViewController.m */,
				883A66FE1654B43C009794AD /* ViewController.xib */,
				883A66EA1654B43C009794AD /* Supporting Files */,
			);
			path = project4;
			sourceTree = "<group>";
		};
		883A66EA1654B43C009794AD /* Supporting Files */ = {
			isa = PBXGroup;
			children = (
				883A66EB1654B43C009794AD /* project4-Info.plist */,
				883A66EC1654B43C009794AD /* InfoPlist.strings */,
				883A66EF1654B43C009794AD /* main.m */,
				883A66F11654B43C009794AD /* project4-Prefix.pch */,
				883A66F51654B43C009794AD /* Default.png */,
				883A66F71654B43C009794AD /* Default@2x.png */,
				883A66F91654B43C009794AD /* Default-568h@2x.png */,
			);
			name = "Supporting Files";
			sourceTree = "<group>";
		};
/* End PBXGroup section */

/* Begin PBXNativeTarget section */
		883A66DE1654B43C009794AD /* project4 */ = {
			isa = PBXNativeTarget;
			buildConfigurationList = 883A67031654B43C009794AD /* Build configuration list for PBXNativeTarget "project4" */;
			buildPhases = (
				883A66DB1654B43C009794AD /* Sources */,
				883A66DC1654B43C009794AD /* Frameworks */,
				883A66DD1654B43C009794AD /* Resources */,
			);
			buildRules = (
			);
			dependencies = (
			);
			name = project4;
			productName = project4;
			productReference = 883A66DF1654B43C009794AD /* project4.app */;
			productType = "com.apple.product-type.application";
		};
/* End PBXNativeTarget section */

/* Begin PBXProject section */
		883A66D61654B43C009794AD /* Project object */ = {
			isa = PBXProject;
			attributes = {
				LastUpgradeCheck = 0450;
				ORGANIZATIONNAME = "Alexander Herrera";
			};
			buildConfigurationList = 883A66D91654B43C009794AD /* Build configuration list for PBXProject "project4" */;
			compatibilityVersion = "Xcode 3.2";
			developmentRegion = English;
			hasScannedForEncodings = 0;
			knownRegions = (
				en,
			);
			mainGroup = 883A66D41654B43C009794AD;
			productRefGroup = 883A66E01654B43C009794AD /* Products */;
			projectDirPath = "";
			projectRoot = "";
			targets = (
				883A66DE1654B43C009794AD /* project4 */,
			);
		};
/* End PBXProject section */

/* Begin PBXResourcesBuildPhase section */
		883A66DD1654B43C009794AD /* Resources */ = {
			isa = PBXResourcesBuildPhase;
			buildActionMask = 2147483647;
			files = (
				883A66EE1654B43C009794AD /* InfoPlist.strings in Resources */,
				883A66F61654B43C009794AD /* Default.png in Resources */,
				883A66F81654B43C009794AD /* Default@2x.png in Resources */,
				883A66FA1654B43C009794AD /* Default-568h@2x.png in Resources */,
				883A67001654B43C009794AD /* ViewController.xib in Resources */,
			);
			runOnlyForDeploymentPostprocessing = 0;
		};
/* End PBXResourcesBuildPhase section */

/* Begin PBXSourcesBuildPhase section */
		883A66DB1654B43C009794AD /* Sources */ = {
			isa = PBXSourcesBuildPhase;
			buildActionMask = 2147483647;
			files = (
				883A66F01654B43C009794AD /* main.m in Sources */,
				883A66F41654B43C009794AD /* AppDelegate.m in Sources */,
				883A66FD1654B43C009794AD /* ViewController.m in Sources */,
			);
			runOnlyForDeploymentPostprocessing = 0;
		};
/* End PBXSourcesBuildPhase section */

/* Begin PBXVariantGroup section */
		883A66EC1654B43C009794AD /* InfoPlist.strings */ = {
			isa = PBXVariantGroup;
			children = (
				883A66ED1654B43C009794AD /* en */,
			);
			name = InfoPlist.strings;
			sourceTree = "<group>";
		};
		883A66FE1654B43C009794AD /* ViewController.xib */ = {
			isa = PBXVariantGroup;
			children = (
				883A66FF1654B43C009794AD /* en */,
			);
			name = ViewController.xib;
			sourceTree = "<group>";
		};
/* End PBXVariantGroup section */

/* Begin XCBuildConfiguration section */
		883A67011654B43C009794AD /* Debug */ = {
			isa = XCBuildConfiguration;
			buildSettings = {
				ALWAYS_SEARCH_USER_PATHS = NO;
				CLANG_CXX_LANGUAGE_STANDARD = "gnu++0x";
				CLANG_CXX_LIBRARY = "libc++";
				CLANG_WARN_EMPTY_BODY = YES;
				CLANG_WARN__DUPLICATE_METHOD_MATCH = YES;
				"CODE_SIGN_IDENTITY[sdk=iphoneos*]" = "iPhone Developer";
				COPY_PHASE_STRIP = NO;
				GCC_C_LANGUAGE_STANDARD = gnu99;
				GCC_DYNAMIC_NO_PIC = NO;
				GCC_OPTIMIZATION_LEVEL = 0;
				GCC_PREPROCESSOR_DEFINITIONS = (
					"DEBUG=1",
					"$(inherited)",
				);
				GCC_SYMBOLS_PRIVATE_EXTERN = NO;
				GCC_WARN_ABOUT_RETURN_TYPE = YES;
				GCC_WARN_UNINITIALIZED_AUTOS = YES;
				GCC_WARN_UNUSED_VARIABLE = YES;
				IPHONEOS_DEPLOYMENT_TARGET = 6.0;
				ONLY_ACTIVE_ARCH = YES;
				SDKROOT = iphoneos;
			};
			name = Debug;
		};
		883A67021654B43C009794AD /* Release */ = {
			isa = XCBuildConfiguration;
			buildSettings = {
				ALWAYS_SEARCH_USER_PATHS = NO;
				CLANG_CXX_LANGUAGE_STANDARD = "gnu++0x";
				CLANG_CXX_LIBRARY = "libc++";
				CLANG_WARN_EMPTY_BODY = YES;
				CLANG_WARN__DUPLICATE_METHOD_MATCH = YES;
				"CODE_SIGN_IDENTITY[sdk=iphoneos*]" = "iPhone Developer";
				COPY_PHASE_STRIP = YES;
				GCC_C_LANGUAGE_STANDARD = gnu99;
				GCC_WARN_ABOUT_RETURN_TYPE = YES;
				GCC_WARN_UNINITIALIZED_AUTOS = YES;
				GCC_WARN_UNUSED_VARIABLE = YES;
				IPHONEOS_DEPLOYMENT_TARGET = 6.0;
				OTHER_CFLAGS = "-DNS_BLOCK_ASSERTIONS=1";
				SDKROOT = iphoneos;
				VALIDATE_PRODUCT = YES;
			};
			name = Release;
		};
		883A67041654B43C009794AD /* Debug */ = {
			isa = XCBuildConfiguration;
			buildSettings = {
				GCC_PRECOMPILE_PREFIX_HEADER = YES;
				GCC_PREFIX_HEADER = "project4/project4-Prefix.pch";
				INFOPLIST_FILE = "project4/project4-Info.plist";
				PRODUCT_NAME = "$(TARGET_NAME)";
				WRAPPER_EXTENSION = app;
			};
			name = Debug;
		};
		883A67051654B43C009794AD /* Release */ = {
			isa = XCBuildConfiguration;
			buildSettings = {
				GCC_PRECOMPILE_PREFIX_HEADER = YES;
				GCC_PREFIX_HEADER = "project4/project4-Prefix.pch";
				INFOPLIST_FILE = "project4/project4-Info.plist";
				PRODUCT_NAME = "$(TARGET_NAME)";
				WRAPPER_EXTENSION = app;
			};
			name = Release;
		};
/* End XCBuildConfiguration section */

/* Begin XCConfigurationList section */
		883A66D91654B43C009794AD /* Build configuration list for PBXProject "project4" */ = {
			isa = XCConfigurationList;
			buildConfigurations = (
				883A67011654B43C009794AD /* Debug */,
				883A67021654B43C009794AD /* Release */,
			);
			defaultConfigurationIsVisible = 0;
			defaultConfigurationName = Release;
		};
		883A67031654B43C009794AD /* Build configuration list for PBXNativeTarget "project4" */ = {
			isa = XCConfigurationList;
			buildConfigurations = (
				883A67041654B43C009794AD /* Debug */,
				883A67051654B43C009794AD /* Release */,
			);
			defaultConfigurationIsVisible = 0;
		};
/* End XCConfigurationList section */
	};
	rootObject = 883A66D61654B43C009794AD /* Project object */;
}
